
Microsoft Visual Studio Solution File, Format Version 12.00
# Visual Studio Version 17
VisualStudioVersion = 17.8.34330.188
MinimumVisualStudioVersion = 10.0.40219.1
Project("{9A19103F-16F7-4668-BE54-9A1E7A4F7556}") = "PRN221_SE1747_FirstWPF", "PRN221_SE1747_FirstWPF\PRN221_SE1747_FirstWPF.csproj", "{32C7C960-1BCF-4557-B621-26DCC06A3D37}"
EndProject
Project("{FAE04EC0-301F-11D3-BF4B-00C04F79EFBC}") = "Demo_Xml_Json", "Demo_Xml_Json\Demo_Xml_Json.csproj", "{1AD57616-8E37-42FF-BC44-F70422CF137A}"
EndProject
Global
	GlobalSection(SolutionConfigurationPlatforms) = preSolution
		Debug|Any CPU = Debug|Any CPU
		Release|Any CPU = Release|Any CPU
	EndGlobalSection
	GlobalSection(ProjectConfigurationPlatforms) = postSolution
		{32C7C960-1BCF-4557-B621-26DCC06A3D37}.Debug|Any CPU.ActiveCfg = Debug|Any CPU
		{32C7C960-1BCF-4557-B621-26DCC06A3D37}.Debug|Any CPU.Build.0 = Debug|Any CPU
		{32C7C960-1BCF-4557-B621-26DCC06A3D37}.Release|Any CPU.ActiveCfg = Release|Any CPU
		{32C7C960-1BCF-4557-B621-26DCC06A3D37}.Release|Any CPU.Build.0 = Release|Any CPU
		{1AD57616-8E37-42FF-BC44-F70422CF137A}.Debug|Any CPU.ActiveCfg = Debug|Any CPU
		{1AD57616-8E37-42FF-BC44-F70422CF137A}.Debug|Any CPU.Build.0 = Debug|Any CPU
		{1AD57616-8E37-42FF-BC44-F70422CF137A}.Release|Any CPU.ActiveCfg = Release|Any CPU
		{1AD57616-8E37-42FF-BC44-F70422CF137A}.Release|Any CPU.Build.0 = Release|Any CPU
	EndGlobalSection
	GlobalSection(SolutionProperties) = preSolution
		HideSolutionNode = FALSE
	EndGlobalSection
	GlobalSection(ExtensibilityGlobals) = postSolution
		SolutionGuid = {C0C3FDAA-3FF7-434E-A312-BF53AC635E73}
	EndGlobalSection
EndGlobal
